
Microsoft Visual Studio Solution File, Format Version 12.00
# Visual Studio Version 17
VisualStudioVersion = 17.1.32421.90
MinimumVisualStudioVersion = 10.0.40219.1
Project("{9A19103F-16F7-4668-BE54-9A1E7A4F7556}") = "HamsterWars2", "HamsterWars2\HamsterWars2.csproj", "{70CBB592-D269-4314-8A1A-0826A7997A22}"
EndProject
Project("{2150E333-8FDC-42A3-9474-1A3956D46DE8}") = "Presentation", "Presentation", "{CFFD0DE0-2C12-4D34-AB8B-0DD8EF50F45B}"
EndProject
Project("{2150E333-8FDC-42A3-9474-1A3956D46DE8}") = "Domain", "Domain", "{D12A4D29-4B51-4AA8-8814-8B7369B71632}"
EndProject
Project("{9A19103F-16F7-4668-BE54-9A1E7A4F7556}") = "Contracts", "Contracts\Contracts.csproj", "{0FA8691E-EA10-4199-B12C-E626848AABFB}"
EndProject
Project("{9A19103F-16F7-4668-BE54-9A1E7A4F7556}") = "Entities", "Entities\Entities.csproj", "{39573E82-C941-4949-B8B0-EED5CA6ACF9E}"
EndProject
Project("{2150E333-8FDC-42A3-9474-1A3956D46DE8}") = "Infrastructure", "Infrastructure", "{57C1B997-BD84-4A30-A409-F42FC9A4335B}"
EndProject
Project("{9A19103F-16F7-4668-BE54-9A1E7A4F7556}") = "Repository", "Repository\Repository.csproj", "{7398A910-EBD9-46D2-A498-586033ACD846}"
EndProject
Project("{9A19103F-16F7-4668-BE54-9A1E7A4F7556}") = "HamsterWars2.Presentation", "HamsterWars2.Presentation\HamsterWars2.Presentation.csproj", "{E002BE7B-1B4C-410E-8221-18CCCA22DE10}"
EndProject
Project("{2150E333-8FDC-42A3-9474-1A3956D46DE8}") = "ServiceLayer", "ServiceLayer", "{CD095F92-BDBE-432E-8931-EAE2DFB6BB2E}"
EndProject
Project("{9A19103F-16F7-4668-BE54-9A1E7A4F7556}") = "Shared", "Shared\Shared.csproj", "{3EAD8A1B-D06A-49C6-9F65-8EC50BFACC29}"
EndProject
Project("{9A19103F-16F7-4668-BE54-9A1E7A4F7556}") = "LoggerService", "LoggerService\LoggerService.csproj", "{EA7DA12C-D96F-46F2-897F-3157E9AA2E02}"
EndProject
Project("{9A19103F-16F7-4668-BE54-9A1E7A4F7556}") = "Service.Contracts", "Service.Contracts\Service.Contracts.csproj", "{DEA5AB19-3BB7-4E23-9791-FE64416460A4}"
EndProject
Project("{9A19103F-16F7-4668-BE54-9A1E7A4F7556}") = "Service", "Service\Service.csproj", "{DF1C83CA-51BA-4775-9BEE-837A2C369867}"
EndProject
Project("{9A19103F-16F7-4668-BE54-9A1E7A4F7556}") = "HamsterWars2.Client", "HamsterWars2.Client\HamsterWars2.Client.csproj", "{F09145E7-C4A1-482A-9D41-9517BF6ECE4B}"
EndProject
Global
	GlobalSection(SolutionConfigurationPlatforms) = preSolution
		Debug|Any CPU = Debug|Any CPU
		Release|Any CPU = Release|Any CPU
	EndGlobalSection
	GlobalSection(ProjectConfigurationPlatforms) = postSolution
		{70CBB592-D269-4314-8A1A-0826A7997A22}.Debug|Any CPU.ActiveCfg = Debug|Any CPU
		{70CBB592-D269-4314-8A1A-0826A7997A22}.Debug|Any CPU.Build.0 = Debug|Any CPU
		{70CBB592-D269-4314-8A1A-0826A7997A22}.Release|Any CPU.ActiveCfg = Release|Any CPU
		{70CBB592-D269-4314-8A1A-0826A7997A22}.Release|Any CPU.Build.0 = Release|Any CPU
		{0FA8691E-EA10-4199-B12C-E626848AABFB}.Debug|Any CPU.ActiveCfg = Debug|Any CPU
		{0FA8691E-EA10-4199-B12C-E626848AABFB}.Debug|Any CPU.Build.0 = Debug|Any CPU
		{0FA8691E-EA10-4199-B12C-E626848AABFB}.Release|Any CPU.ActiveCfg = Release|Any CPU
		{0FA8691E-EA10-4199-B12C-E626848AABFB}.Release|Any CPU.Build.0 = Release|Any CPU
		{39573E82-C941-4949-B8B0-EED5CA6ACF9E}.Debug|Any CPU.ActiveCfg = Debug|Any CPU
		{39573E82-C941-4949-B8B0-EED5CA6ACF9E}.Debug|Any CPU.Build.0 = Debug|Any CPU
		{39573E82-C941-4949-B8B0-EED5CA6ACF9E}.Release|Any CPU.ActiveCfg = Release|Any CPU
		{39573E82-C941-4949-B8B0-EED5CA6ACF9E}.Release|Any CPU.Build.0 = Release|Any CPU
		{7398A910-EBD9-46D2-A498-586033ACD846}.Debug|Any CPU.ActiveCfg = Debug|Any CPU
		{7398A910-EBD9-46D2-A498-586033ACD846}.Debug|Any CPU.Build.0 = Debug|Any CPU
		{7398A910-EBD9-46D2-A498-586033ACD846}.Release|Any CPU.ActiveCfg = Release|Any CPU
		{7398A910-EBD9-46D2-A498-586033ACD846}.Release|Any CPU.Build.0 = Release|Any CPU
		{E002BE7B-1B4C-410E-8221-18CCCA22DE10}.Debug|Any CPU.ActiveCfg = Debug|Any CPU
		{E002BE7B-1B4C-410E-8221-18CCCA22DE10}.Debug|Any CPU.Build.0 = Debug|Any CPU
		{E002BE7B-1B4C-410E-8221-18CCCA22DE10}.Release|Any CPU.ActiveCfg = Release|Any CPU
		{E002BE7B-1B4C-410E-8221-18CCCA22DE10}.Release|Any CPU.Build.0 = Release|Any CPU
		{3EAD8A1B-D06A-49C6-9F65-8EC50BFACC29}.Debug|Any CPU.ActiveCfg = Debug|Any CPU
		{3EAD8A1B-D06A-49C6-9F65-8EC50BFACC29}.Debug|Any CPU.Build.0 = Debug|Any CPU
		{3EAD8A1B-D06A-49C6-9F65-8EC50BFACC29}.Release|Any CPU.ActiveCfg = Release|Any CPU
		{3EAD8A1B-D06A-49C6-9F65-8EC50BFACC29}.Release|Any CPU.Build.0 = Release|Any CPU
		{EA7DA12C-D96F-46F2-897F-3157E9AA2E02}.Debug|Any CPU.ActiveCfg = Debug|Any CPU
		{EA7DA12C-D96F-46F2-897F-3157E9AA2E02}.Debug|Any CPU.Build.0 = Debug|Any CPU
		{EA7DA12C-D96F-46F2-897F-3157E9AA2E02}.Release|Any CPU.ActiveCfg = Release|Any CPU
		{EA7DA12C-D96F-46F2-897F-3157E9AA2E02}.Release|Any CPU.Build.0 = Release|Any CPU
		{DEA5AB19-3BB7-4E23-9791-FE64416460A4}.Debug|Any CPU.ActiveCfg = Debug|Any CPU
		{DEA5AB19-3BB7-4E23-9791-FE64416460A4}.Debug|Any CPU.Build.0 = Debug|Any CPU
		{DEA5AB19-3BB7-4E23-9791-FE64416460A4}.Release|Any CPU.ActiveCfg = Release|Any CPU
		{DEA5AB19-3BB7-4E23-9791-FE64416460A4}.Release|Any CPU.Build.0 = Release|Any CPU
		{DF1C83CA-51BA-4775-9BEE-837A2C369867}.Debug|Any CPU.ActiveCfg = Debug|Any CPU
		{DF1C83CA-51BA-4775-9BEE-837A2C369867}.Debug|Any CPU.Build.0 = Debug|Any CPU
		{DF1C83CA-51BA-4775-9BEE-837A2C369867}.Release|Any CPU.ActiveCfg = Release|Any CPU
		{DF1C83CA-51BA-4775-9BEE-837A2C369867}.Release|Any CPU.Build.0 = Release|Any CPU
		{F09145E7-C4A1-482A-9D41-9517BF6ECE4B}.Debug|Any CPU.ActiveCfg = Debug|Any CPU
		{F09145E7-C4A1-482A-9D41-9517BF6ECE4B}.Debug|Any CPU.Build.0 = Debug|Any CPU
		{F09145E7-C4A1-482A-9D41-9517BF6ECE4B}.Release|Any CPU.ActiveCfg = Release|Any CPU
		{F09145E7-C4A1-482A-9D41-9517BF6ECE4B}.Release|Any CPU.Build.0 = Release|Any CPU
	EndGlobalSection
	GlobalSection(SolutionProperties) = preSolution
		HideSolutionNode = FALSE
	EndGlobalSection
	GlobalSection(NestedProjects) = preSolution
		{70CBB592-D269-4314-8A1A-0826A7997A22} = {CFFD0DE0-2C12-4D34-AB8B-0DD8EF50F45B}
		{0FA8691E-EA10-4199-B12C-E626848AABFB} = {D12A4D29-4B51-4AA8-8814-8B7369B71632}
		{39573E82-C941-4949-B8B0-EED5CA6ACF9E} = {D12A4D29-4B51-4AA8-8814-8B7369B71632}
		{7398A910-EBD9-46D2-A498-586033ACD846} = {57C1B997-BD84-4A30-A409-F42FC9A4335B}
		{E002BE7B-1B4C-410E-8221-18CCCA22DE10} = {CFFD0DE0-2C12-4D34-AB8B-0DD8EF50F45B}
		{3EAD8A1B-D06A-49C6-9F65-8EC50BFACC29} = {CD095F92-BDBE-432E-8931-EAE2DFB6BB2E}
		{EA7DA12C-D96F-46F2-897F-3157E9AA2E02} = {CD095F92-BDBE-432E-8931-EAE2DFB6BB2E}
		{DEA5AB19-3BB7-4E23-9791-FE64416460A4} = {D12A4D29-4B51-4AA8-8814-8B7369B71632}
		{DF1C83CA-51BA-4775-9BEE-837A2C369867} = {CD095F92-BDBE-432E-8931-EAE2DFB6BB2E}
		{F09145E7-C4A1-482A-9D41-9517BF6ECE4B} = {CFFD0DE0-2C12-4D34-AB8B-0DD8EF50F45B}
	EndGlobalSection
	GlobalSection(ExtensibilityGlobals) = postSolution
		SolutionGuid = {7C40CF1E-427F-483B-826E-EEB18F7F74A4}
	EndGlobalSection
EndGlobal
